// !$*UTF8*$!
{
	archiveVersion = 1;
	classes = {
	};
	objectVersion = 46;
	objects = {

/* Begin PBXBuildFile section */
		933BF3461B2ED7D0003EE76B /* AppDelegate.swift in Sources */ = {isa = PBXBuildFile; fileRef = 933BF3451B2ED7D0003EE76B /* AppDelegate.swift */; };
		933BF3481B2ED7D0003EE76B /* ViewController.swift in Sources */ = {isa = PBXBuildFile; fileRef = 933BF3471B2ED7D0003EE76B /* ViewController.swift */; };
		933BF34B1B2ED7D0003EE76B /* Main.storyboard in Resources */ = {isa = PBXBuildFile; fileRef = 933BF3491B2ED7D0003EE76B /* Main.storyboard */; };
		933BF34D1B2ED7D0003EE76B /* Images.xcassets in Resources */ = {isa = PBXBuildFile; fileRef = 933BF34C1B2ED7D0003EE76B /* Images.xcassets */; };
		933BF3501B2ED7D0003EE76B /* LaunchScreen.xib in Resources */ = {isa = PBXBuildFile; fileRef = 933BF34E1B2ED7D0003EE76B /* LaunchScreen.xib */; };
		933BF35C1B2ED7D0003EE76B /* CalculatorTests.swift in Sources */ = {isa = PBXBuildFile; fileRef = 933BF35B1B2ED7D0003EE76B /* CalculatorTests.swift */; };
		93AFEDD81B2FD26A002384AF /* CalculatorBrain.swift in Sources */ = {isa = PBXBuildFile; fileRef = 93AFEDD71B2FD26A002384AF /* CalculatorBrain.swift */; };
/* End PBXBuildFile section */

/* Begin PBXContainerItemProxy section */
		933BF3561B2ED7D0003EE76B /* PBXContainerItemProxy */ = {
			isa = PBXContainerItemProxy;
			containerPortal = 933BF3381B2ED7D0003EE76B /* Project object */;
			proxyType = 1;
			remoteGlobalIDString = 933BF33F1B2ED7D0003EE76B;
			remoteInfo = Calculator;
		};
/* End PBXContainerItemProxy section */

/* Begin PBXFileReference section */
		933BF3401B2ED7D0003EE76B /* Calculator.app */ = {isa = PBXFileReference; explicitFileType = wrapper.application; includeInIndex = 0; path = Calculator.app; sourceTree = BUILT_PRODUCTS_DIR; };
		933BF3441B2ED7D0003EE76B /* Info.plist */ = {isa = PBXFileReference; lastKnownFileType = text.plist.xml; path = Info.plist; sourceTree = "<group>"; };
		933BF3451B2ED7D0003EE76B /* AppDelegate.swift */ = {isa = PBXFileReference; lastKnownFileType = sourcecode.swift; path = AppDelegate.swift; sourceTree = "<group>"; };
		933BF3471B2ED7D0003EE76B /* ViewController.swift */ = {isa = PBXFileReference; lastKnownFileType = sourcecode.swift; path = ViewController.swift; sourceTree = "<group>"; };
		933BF34A1B2ED7D0003EE76B /* Base */ = {isa = PBXFileReference; lastKnownFileType = file.storyboard; name = Base; path = Base.lproj/Main.storyboard; sourceTree = "<group>"; };
		933BF34C1B2ED7D0003EE76B /* Images.xcassets */ = {isa = PBXFileReference; lastKnownFileType = folder.assetcatalog; path = Images.xcassets; sourceTree = "<group>"; };
		933BF34F1B2ED7D0003EE76B /* Base */ = {isa = PBXFileReference; lastKnownFileType = file.xib; name = Base; path = Base.lproj/LaunchScreen.xib; sourceTree = "<group>"; };
		933BF3551B2ED7D0003EE76B /* CalculatorTests.xctest */ = {isa = PBXFileReference; explicitFileType = wrapper.cfbundle; includeInIndex = 0; path = CalculatorTests.xctest; sourceTree = BUILT_PRODUCTS_DIR; };
		933BF35A1B2ED7D0003EE76B /* Info.plist */ = {isa = PBXFileReference; lastKnownFileType = text.plist.xml; path = Info.plist; sourceTree = "<group>"; };
		933BF35B1B2ED7D0003EE76B /* CalculatorTests.swift */ = {isa = PBXFileReference; lastKnownFileType = sourcecode.swift; path = CalculatorTests.swift; sourceTree = "<group>"; };
		93AFEDD71B2FD26A002384AF /* CalculatorBrain.swift */ = {isa = PBXFileReference; fileEncoding = 4; lastKnownFileType = sourcecode.swift; path = CalculatorBrain.swift; sourceTree = "<group>"; };
/* End PBXFileReference section */

/* Begin PBXFrameworksBuildPhase section */
		933BF33D1B2ED7D0003EE76B /* Frameworks */ = {
			isa = PBXFrameworksBuildPhase;
			buildActionMask = 2147483647;
			files = (
			);
			runOnlyForDeploymentPostprocessing = 0;
		};
		933BF3521B2ED7D0003EE76B /* Frameworks */ = {
			isa = PBXFrameworksBuildPhase;
			buildActionMask = 2147483647;
			files = (
			);
			runOnlyForDeploymentPostprocessing = 0;
		};
/* End PBXFrameworksBuildPhase section */

/* Begin PBXGroup section */
		933BF3371B2ED7D0003EE76B = {
			isa = PBXGroup;
			children = (
				933BF3421B2ED7D0003EE76B /* Calculator */,
				933BF3581B2ED7D0003EE76B /* CalculatorTests */,
				933BF3411B2ED7D0003EE76B /* Products */,
			);
			sourceTree = "<group>";
		};
		933BF3411B2ED7D0003EE76B /* Products */ = {
			isa = PBXGroup;
			children = (
				933BF3401B2ED7D0003EE76B /* Calculator.app */,
				933BF3551B2ED7D0003EE76B /* CalculatorTests.xctest */,
			);
			name = Products;
			sourceTree = "<group>";
		};
		933BF3421B2ED7D0003EE76B /* Calculator */ = {
			isa = PBXGroup;
			children = (
				933BF3471B2ED7D0003EE76B /* ViewController.swift */,
				933BF3491B2ED7D0003EE76B /* Main.storyboard */,
				93AFEDD71B2FD26A002384AF /* CalculatorBrain.swift */,
				933BF3431B2ED7D0003EE76B /* Supporting Files */,
			);
			path = Calculator;
			sourceTree = "<group>";
		};
		933BF3431B2ED7D0003EE76B /* Supporting Files */ = {
			isa = PBXGroup;
			children = (
				933BF34E1B2ED7D0003EE76B /* LaunchScreen.xib */,
				933BF34C1B2ED7D0003EE76B /* Images.xcassets */,
				933BF3451B2ED7D0003EE76B /* AppDelegate.swift */,
				933BF3441B2ED7D0003EE76B /* Info.plist */,
			);
			name = "Supporting Files";
			sourceTree = "<group>";
		};
		933BF3581B2ED7D0003EE76B /* CalculatorTests */ = {
			isa = PBXGroup;
			children = (
				933BF35B1B2ED7D0003EE76B /* CalculatorTests.swift */,
				933BF3591B2ED7D0003EE76B /* Supporting Files */,
			);
			path = CalculatorTests;
			sourceTree = "<group>";
		};
		933BF3591B2ED7D0003EE76B /* Supporting Files */ = {
			isa = PBXGroup;
			children = (
				933BF35A1B2ED7D0003EE76B /* Info.plist */,
			);
			name = "Supporting Files";
			sourceTree = "<group>";
		};
/* End PBXGroup section */

/* Begin PBXNativeTarget section */
		933BF33F1B2ED7D0003EE76B /* Calculator */ = {
			isa = PBXNativeTarget;
			buildConfigurationList = 933BF35F1B2ED7D0003EE76B /* Build configuration list for PBXNativeTarget "Calculator" */;
			buildPhases = (
				933BF33C1B2ED7D0003EE76B /* Sources */,
				933BF33D1B2ED7D0003EE76B /* Frameworks */,
				933BF33E1B2ED7D0003EE76B /* Resources */,
			);
			buildRules = (
			);
			dependencies = (
			);
			name = Calculator;
			productName = Calculator;
			productReference = 933BF3401B2ED7D0003EE76B /* Calculator.app */;
			productType = "com.apple.product-type.application";
		};
		933BF3541B2ED7D0003EE76B /* CalculatorTests */ = {
			isa = PBXNativeTarget;
			buildConfigurationList = 933BF3621B2ED7D0003EE76B /* Build configuration list for PBXNativeTarget "CalculatorTests" */;
			buildPhases = (
				933BF3511B2ED7D0003EE76B /* Sources */,
				933BF3521B2ED7D0003EE76B /* Frameworks */,
				933BF3531B2ED7D0003EE76B /* Resources */,
			);
			buildRules = (
			);
			dependencies = (
				933BF3571B2ED7D0003EE76B /* PBXTargetDependency */,
			);
			name = CalculatorTests;
			productName = CalculatorTests;
			productReference = 933BF3551B2ED7D0003EE76B /* CalculatorTests.xctest */;
			productType = "com.apple.product-type.bundle.unit-test";
		};
/* End PBXNativeTarget section */

/* Begin PBXProject section */
		933BF3381B2ED7D0003EE76B /* Project object */ = {
			isa = PBXProject;
			attributes = {
				LastUpgradeCheck = 0630;
				ORGANIZATIONNAME = "Atwood Wang";
				TargetAttributes = {
					933BF33F1B2ED7D0003EE76B = {
						CreatedOnToolsVersion = 6.3.2;
					};
					933BF3541B2ED7D0003EE76B = {
						CreatedOnToolsVersion = 6.3.2;
						TestTargetID = 933BF33F1B2ED7D0003EE76B;
					};
				};
			};
			buildConfigurationList = 933BF33B1B2ED7D0003EE76B /* Build configuration list for PBXProject "Calculator" */;
			compatibilityVersion = "Xcode 3.2";
			developmentRegion = English;
			hasScannedForEncodings = 0;
			knownRegions = (
				en,
				Base,
			);
			mainGroup = 933BF3371B2ED7D0003EE76B;
			productRefGroup = 933BF3411B2ED7D0003EE76B /* Products */;
			projectDirPath = "";
			projectRoot = "";
			targets = (
				933BF33F1B2ED7D0003EE76B /* Calculator */,
				933BF3541B2ED7D0003EE76B /* CalculatorTests */,
			);
		};
/* End PBXProject section */

/* Begin PBXResourcesBuildPhase section */
		933BF33E1B2ED7D0003EE76B /* Resources */ = {
			isa = PBXResourcesBuildPhase;
			buildActionMask = 2147483647;
			files = (
				933BF34B1B2ED7D0003EE76B /* Main.storyboard in Resources */,
				933BF3501B2ED7D0003EE76B /* LaunchScreen.xib in Resources */,
				933BF34D1B2ED7D0003EE76B /* Images.xcassets in Resources */,
			);
			runOnlyForDeploymentPostprocessing = 0;
		};
		933BF3531B2ED7D0003EE76B /* Resources */ = {
			isa = PBXResourcesBuildPhase;
			buildActionMask = 2147483647;
			files = (
			);
			runOnlyForDeploymentPostprocessing = 0;
		};
/* End PBXResourcesBuildPhase section */

/* Begin PBXSourcesBuildPhase section */
		933BF33C1B2ED7D0003EE76B /* Sources */ = {
			isa = PBXSourcesBuildPhase;
			buildActionMask = 2147483647;
			files = (
				93AFEDD81B2FD26A002384AF /* CalculatorBrain.swift in Sources */,
				933BF3481B2ED7D0003EE76B /* ViewController.swift in Sources */,
				933BF3461B2ED7D0003EE76B /* AppDelegate.swift in Sources */,
			);
			runOnlyForDeploymentPostprocessing = 0;
		};
		933BF3511B2ED7D0003EE76B /* Sources */ = {
			isa = PBXSourcesBuildPhase;
			buildActionMask = 2147483647;
			files = (
				933BF35C1B2ED7D0003EE76B /* CalculatorTests.swift in Sources */,
			);
			runOnlyForDeploymentPostprocessing = 0;
		};
/* End PBXSourcesBuildPhase section */

/* Begin PBXTargetDependency section */
		933BF3571B2ED7D0003EE76B /* PBXTargetDependency */ = {
			isa = PBXTargetDependency;
			target = 933BF33F1B2ED7D0003EE76B /* Calculator */;
			targetProxy = 933BF3561B2ED7D0003EE76B /* PBXContainerItemProxy */;
		};
/* End PBXTargetDependency section */

/* Begin PBXVariantGroup section */
		933BF3491B2ED7D0003EE76B /* Main.storyboard */ = {
			isa = PBXVariantGroup;
			children = (
				933BF34A1B2ED7D0003EE76B /* Base */,
			);
			name = Main.storyboard;
			sourceTree = "<group>";
		};
		933BF34E1B2ED7D0003EE76B /* LaunchScreen.xib */ = {
			isa = PBXVariantGroup;
			children = (
				933BF34F1B2ED7D0003EE76B /* Base */,
			);
			name = LaunchScreen.xib;
			sourceTree = "<group>";
		};
/* End PBXVariantGroup section */

/* Begin XCBuildConfiguration section */
		933BF35D1B2ED7D0003EE76B /* Debug */ = {
			isa = XCBuildConfiguration;
			buildSettings = {
				ALWAYS_SEARCH_USER_PATHS = NO;
				CLANG_CXX_LANGUAGE_STANDARD = "gnu++0x";
				CLANG_CXX_LIBRARY = "libc++";
				CLANG_ENABLE_MODULES = YES;
				CLANG_ENABLE_OBJC_ARC = YES;
				CLANG_WARN_BOOL_CONVERSION = YES;
				CLANG_WARN_CONSTANT_CONVERSION = YES;
				CLANG_WARN_DIRECT_OBJC_ISA_USAGE = YES_ERROR;
				CLANG_WARN_EMPTY_BODY = YES;
				CLANG_WARN_ENUM_CONVERSION = YES;
				CLANG_WARN_INT_CONVERSION = YES;
				CLANG_WARN_OBJC_ROOT_CLASS = YES_ERROR;
				CLANG_WARN_UNREACHABLE_CODE = YES;
				CLANG_WARN__DUPLICATE_METHOD_MATCH = YES;
				"CODE_SIGN_IDENTITY[sdk=iphoneos*]" = "iPhone Developer";
				COPY_PHASE_STRIP = NO;
				DEBUG_INFORMATION_FORMAT = "dwarf-with-dsym";
				ENABLE_STRICT_OBJC_MSGSEND = YES;
				GCC_C_LANGUAGE_STANDARD = gnu99;
				GCC_DYNAMIC_NO_PIC = NO;
				GCC_NO_COMMON_BLOCKS = YES;
				GCC_OPTIMIZATION_LEVEL = 0;
				GCC_PREPROCESSOR_DEFINITIONS = (
					"DEBUG=1",
					"$(inherited)",
				);
				GCC_SYMBOLS_PRIVATE_EXTERN = NO;
				GCC_WARN_64_TO_32_BIT_CONVERSION = YES;
				GCC_WARN_ABOUT_RETURN_TYPE = YES_ERROR;
				GCC_WARN_UNDECLARED_SELECTOR = YES;
				GCC_WARN_UNINITIALIZED_AUTOS = YES_AGGRESSIVE;
				GCC_WARN_UNUSED_FUNCTION = YES;
				GCC_WARN_UNUSED_VARIABLE = YES;
				IPHONEOS_DEPLOYMENT_TARGET = 8.3;
				MTL_ENABLE_DEBUG_INFO = YES;
				ONLY_ACTIVE_ARCH = YES;
				SDKROOT = iphoneos;
				SWIFT_OPTIMIZATION_LEVEL = "-Onone";
				TARGETED_DEVICE_FAMILY = "1,2";
			};
			name = Debug;
		};
		933BF35E1B2ED7D0003EE76B /* Release */ = {
			isa = XCBuildConfiguration;
			buildSettings = {
				ALWAYS_SEARCH_USER_PATHS = NO;
				CLANG_CXX_LANGUAGE_STANDARD = "gnu++0x";
				CLANG_CXX_LIBRARY = "libc++";
				CLANG_ENABLE_MODULES = YES;
				CLANG_ENABLE_OBJC_ARC = YES;
				CLANG_WARN_BOOL_CONVERSION = YES;
				CLANG_WARN_CONSTANT_CONVERSION = YES;
				CLANG_WARN_DIRECT_OBJC_ISA_USAGE = YES_ERROR;
				CLANG_WARN_EMPTY_BODY = YES;
				CLANG_WARN_ENUM_CONVERSION = YES;
				CLANG_WARN_INT_CONVERSION = YES;
				CLANG_WARN_OBJC_ROOT_CLASS = YES_ERROR;
				CLANG_WARN_UNREACHABLE_CODE = YES;
				CLANG_WARN__DUPLICATE_METHOD_MATCH = YES;
				"CODE_SIGN_IDENTITY[sdk=iphoneos*]" = "iPhone Developer";
				COPY_PHASE_STRIP = NO;
				DEBUG_INFORMATION_FORMAT = "dwarf-with-dsym";
				ENABLE_NS_ASSERTIONS = NO;
				ENABLE_STRICT_OBJC_MSGSEND = YES;
				GCC_C_LANGUAGE_STANDARD = gnu99;
				GCC_NO_COMMON_BLOCKS = YES;
				GCC_WARN_64_TO_32_BIT_CONVERSION = YES;
				GCC_WARN_ABOUT_RETURN_TYPE = YES_ERROR;
				GCC_WARN_UNDECLARED_SELECTOR = YES;
				GCC_WARN_UNINITIALIZED_AUTOS = YES_AGGRESSIVE;
				GCC_WARN_UNUSED_FUNCTION = YES;
				GCC_WARN_UNUSED_VARIABLE = YES;
				IPHONEOS_DEPLOYMENT_TARGET = 8.3;
				MTL_ENABLE_DEBUG_INFO = NO;
				SDKROOT = iphoneos;
				TARGETED_DEVICE_FAMILY = "1,2";
				VALIDATE_PRODUCT = YES;
			};
			name = Release;
		};
		933BF3601B2ED7D0003EE76B /* Debug */ = {
			isa = XCBuildConfiguration;
			buildSettings = {
				ASSETCATALOG_COMPILER_APPICON_NAME = AppIcon;
				INFOPLIST_FILE = Calculator/Info.plist;
				LD_RUNPATH_SEARCH_PATHS = "$(inherited) @executable_path/Frameworks";
				PRODUCT_NAME = "$(TARGET_NAME)";
			};
			name = Debug;
		};
		933BF3611B2ED7D0003EE76B /* Release */ = {
			isa = XCBuildConfiguration;
			buildSettings = {
				ASSETCATALOG_COMPILER_APPICON_NAME = AppIcon;
				INFOPLIST_FILE = Calculator/Info.plist;
				LD_RUNPATH_SEARCH_PATHS = "$(inherited) @executable_path/Frameworks";
				PRODUCT_NAME = "$(TARGET_NAME)";
			};
			name = Release;
		};
		933BF3631B2ED7D0003EE76B /* Debug */ = {
			isa = XCBuildConfiguration;
			buildSettings = {
				BUNDLE_LOADER = "$(TEST_HOST)";
				FRAMEWORK_SEARCH_PATHS = (
					"$(SDKROOT)/Developer/Library/Frameworks",
					"$(inherited)",
				);
				GCC_PREPROCESSOR_DEFINITIONS = (
					"DEBUG=1",
					"$(inherited)",
				);
				INFOPLIST_FILE = CalculatorTests/Info.plist;
				LD_RUNPATH_SEARCH_PATHS = "$(inherited) @executable_path/Frameworks @loader_path/Frameworks";
				PRODUCT_NAME = "$(TARGET_NAME)";
				TEST_HOST = "$(BUILT_PRODUCTS_DIR)/Calculator.app/Calculator";
			};
			name = Debug;
		};
		933BF3641B2ED7D0003EE76B /* Release */ = {
			isa = XCBuildConfiguration;
			buildSettings = {
				BUNDLE_LOADER = "$(TEST_HOST)";
				FRAMEWORK_SEARCH_PATHS = (
					"$(SDKROOT)/Developer/Library/Frameworks",
					"$(inherited)",
				);
				INFOPLIST_FILE = CalculatorTests/Info.plist;
				LD_RUNPATH_SEARCH_PATHS = "$(inherited) @executable_path/Frameworks @loader_path/Frameworks";
				PRODUCT_NAME = "$(TARGET_NAME)";
				TEST_HOST = "$(BUILT_PRODUCTS_DIR)/Calculator.app/Calculator";
			};
			name = Release;
		};
/* End XCBuildConfiguration section */

/* Begin XCConfigurationList section */
		933BF33B1B2ED7D0003EE76B /* Build configuration list for PBXProject "Calculator" */ = {
			isa = XCConfigurationList;
			buildConfigurations = (
				933BF35D1B2ED7D0003EE76B /* Debug */,
				933BF35E1B2ED7D0003EE76B /* Release */,
			);
			defaultConfigurationIsVisible = 0;
			defaultConfigurationName = Release;
		};
		933BF35F1B2ED7D0003EE76B /* Build configuration list for PBXNativeTarget "Calculator" */ = {
			isa = XCConfigurationList;
			buildConfigurations = (
				933BF3601B2ED7D0003EE76B /* Debug */,
				933BF3611B2ED7D0003EE76B /* Release */,
			);
			defaultConfigurationIsVisible = 0;
			defaultConfigurationName = Release;
		};
		933BF3621B2ED7D0003EE76B /* Build configuration list for PBXNativeTarget "CalculatorTests" */ = {
			isa = XCConfigurationList;
			buildConfigurations = (
				933BF3631B2ED7D0003EE76B /* Debug */,
				933BF3641B2ED7D0003EE76B /* Release */,
			);
			defaultConfigurationIsVisible = 0;
			defaultConfigurationName = Release;
		};
/* End XCConfigurationList section */
	};
	rootObject = 933BF3381B2ED7D0003EE76B /* Project object */;
}
